// !$*UTF8*$!
{
	archiveVersion = 1;
	classes = {
	};
	objectVersion = 42;
	objects = {

/* Begin PBXBuildFile section */
		0117744A007109A97F000001 /* libAudioFloatLib.a in Frameworks */ = {isa = PBXBuildFile; fileRef = 011774440071097E7F000001 /* libAudioFloatLib.a */; };
		0117744C00710CA77F000001 /* SampleAudioClip.cpp in Sources */ = {isa = PBXBuildFile; fileRef = 0117744B00710CA77F000001 /* SampleAudioClip.cpp */; };
		0117745000710DAB7F000001 /* CMI8738AudioEngine.h in Headers */ = {isa = PBXBuildFile; fileRef = 0117744E00710DAB7F000001 /* CMI8738AudioEngine.h */; };
		0117745100710DAB7F000001 /* CMI8738AudioEngine.cpp in Sources */ = {isa = PBXBuildFile; fileRef = 0117744F00710DAB7F000001 /* CMI8738AudioEngine.cpp */; };
		089C1680FE841241C02AAC07 /* InfoPlist.strings in Resources */ = {isa = PBXBuildFile; fileRef = 089C167DFE841241C02AAC07 /* InfoPlist.strings */; };
		1A224C40FF42367911CA2CB7 /* CMI8738AudioDevice.h in Headers */ = {isa = PBXBuildFile; fileRef = 1A224C3EFF42367911CA2CB7 /* CMI8738AudioDevice.h */; };
		1A224C41FF42367911CA2CB7 /* CMI8738AudioDevice.cpp in Sources */ = {isa = PBXBuildFile; fileRef = 1A224C3FFF42367911CA2CB7 /* CMI8738AudioDevice.cpp */; settings = {ATTRIBUTES = (); }; };
		DD0C270228D3BB0F00D1405D /* CMI8738-register.h in Headers */ = {isa = PBXBuildFile; fileRef = FCDBEC6608B9B3D30082AEF9 /* CMI8738-register.h */; };
		DD0C270328D3BB0F00D1405D /* CMI8738AudioDevice.h in Headers */ = {isa = PBXBuildFile; fileRef = 1A224C3EFF42367911CA2CB7 /* CMI8738AudioDevice.h */; };
		DD0C270428D3BB0F00D1405D /* CMI8738AudioEngine.h in Headers */ = {isa = PBXBuildFile; fileRef = 0117744E00710DAB7F000001 /* CMI8738AudioEngine.h */; };
		DD0C270628D3BB0F00D1405D /* InfoPlist.strings in Resources */ = {isa = PBXBuildFile; fileRef = 089C167DFE841241C02AAC07 /* InfoPlist.strings */; };
		DD0C270728D3BB0F00D1405D /* install_updated.command in Resources */ = {isa = PBXBuildFile; fileRef = DD8B88F42613904100236EB7 /* install_updated.command */; };
		DD0C270928D3BB0F00D1405D /* CMI8738AudioDevice.cpp in Sources */ = {isa = PBXBuildFile; fileRef = 1A224C3FFF42367911CA2CB7 /* CMI8738AudioDevice.cpp */; };
		DD0C270A28D3BB0F00D1405D /* CMI8738AudioEngine.cpp in Sources */ = {isa = PBXBuildFile; fileRef = 0117744F00710DAB7F000001 /* CMI8738AudioEngine.cpp */; };
		DD0C271728D3BB1200D1405D /* SampleConvert.h in Headers */ = {isa = PBXBuildFile; fileRef = DD6EE222275C1A4000BAB794 /* SampleConvert.h */; };
		DD0C271928D3BB1200D1405D /* SampleAudioClip.cpp in Sources */ = {isa = PBXBuildFile; fileRef = 0117744B00710CA77F000001 /* SampleAudioClip.cpp */; };
		DD0C272228D3BBF600D1405D /* liblibAuioFloatLib_updated_64.a in Frameworks */ = {isa = PBXBuildFile; fileRef = DD0C272028D3BB1200D1405D /* liblibAuioFloatLib_updated_64.a */; };
		DD0C272528D3BC0200D1405D /* libAuioFloatLib.a in Frameworks */ = {isa = PBXBuildFile; fileRef = DD912B402613831000FA0863 /* libAuioFloatLib.a */; };
		DD6EE223275C1A4000BAB794 /* SampleConvert.h in Headers */ = {isa = PBXBuildFile; fileRef = DD6EE222275C1A4000BAB794 /* SampleConvert.h */; };
		DD73C19E29DE779100D3B953 /* Memhandle.cpp in Sources */ = {isa = PBXBuildFile; fileRef = DD73C19C29DE779100D3B953 /* Memhandle.cpp */; };
		DD73C19F29DE779100D3B953 /* Memhandle.cpp in Sources */ = {isa = PBXBuildFile; fileRef = DD73C19C29DE779100D3B953 /* Memhandle.cpp */; };
		DD73C1A029DE779100D3B953 /* Memhandle.cpp in Sources */ = {isa = PBXBuildFile; fileRef = DD73C19C29DE779100D3B953 /* Memhandle.cpp */; };
		DD73C1A129DE779100D3B953 /* Memhandle.h in Headers */ = {isa = PBXBuildFile; fileRef = DD73C19D29DE779100D3B953 /* Memhandle.h */; };
		DD73C1A229DE779100D3B953 /* Memhandle.h in Headers */ = {isa = PBXBuildFile; fileRef = DD73C19D29DE779100D3B953 /* Memhandle.h */; };
		DD73C1A329DE779100D3B953 /* Memhandle.h in Headers */ = {isa = PBXBuildFile; fileRef = DD73C19D29DE779100D3B953 /* Memhandle.h */; };
		DD73C1A529DE7AF300D3B953 /* ArchDetect.h in Headers */ = {isa = PBXBuildFile; fileRef = DD73C1A429DE7AF300D3B953 /* ArchDetect.h */; };
		DD73C1A629DE7AF300D3B953 /* ArchDetect.h in Headers */ = {isa = PBXBuildFile; fileRef = DD73C1A429DE7AF300D3B953 /* ArchDetect.h */; };
		DD73C1A729DE7AF300D3B953 /* ArchDetect.h in Headers */ = {isa = PBXBuildFile; fileRef = DD73C1A429DE7AF300D3B953 /* ArchDetect.h */; };
		DD8B88F52613904100236EB7 /* install_updated.command in Resources */ = {isa = PBXBuildFile; fileRef = DD8B88F42613904100236EB7 /* install_updated.command */; };
		DD912B7D2613855300FA0863 /* CMI8738-register.h in Headers */ = {isa = PBXBuildFile; fileRef = FCDBEC6608B9B3D30082AEF9 /* CMI8738-register.h */; };
		DD912B7E2613855800FA0863 /* CMI8738AudioDevice.h in Headers */ = {isa = PBXBuildFile; fileRef = 1A224C3EFF42367911CA2CB7 /* CMI8738AudioDevice.h */; };
		DD912B7F2613855C00FA0863 /* CMI8738AudioEngine.h in Headers */ = {isa = PBXBuildFile; fileRef = 0117744E00710DAB7F000001 /* CMI8738AudioEngine.h */; };
		DD912B802613859A00FA0863 /* CMI8738AudioDevice.cpp in Sources */ = {isa = PBXBuildFile; fileRef = 1A224C3FFF42367911CA2CB7 /* CMI8738AudioDevice.cpp */; };
		DD912B812613859A00FA0863 /* CMI8738AudioEngine.cpp in Sources */ = {isa = PBXBuildFile; fileRef = 0117744F00710DAB7F000001 /* CMI8738AudioEngine.cpp */; };
		DD912B89261386DC00FA0863 /* SampleAudioClip.cpp in Sources */ = {isa = PBXBuildFile; fileRef = 0117744B00710CA77F000001 /* SampleAudioClip.cpp */; };
		DD912BDE26138AA500FA0863 /* InfoPlist.strings in Resources */ = {isa = PBXBuildFile; fileRef = 089C167DFE841241C02AAC07 /* InfoPlist.strings */; };
		FCDBEC6708B9B3D30082AEF9 /* CMI8738-register.h in Headers */ = {isa = PBXBuildFile; fileRef = FCDBEC6608B9B3D30082AEF9 /* CMI8738-register.h */; };
/* End PBXBuildFile section */

/* Begin PBXBundleTarget section */
		089C1673FE841209C02AAC07 /* CMI8738AudioDriver */ = {
			isa = PBXBundleTarget;
			buildConfigurationList = FCC4E42508B955B400AC9D19 /* Build configuration list for PBXBundleTarget "CMI8738AudioDriver" */;
			buildPhases = (
				06AA1267FFB2110C11CA28AA /* ShellScript */,
				089C1674FE841209C02AAC07 /* Headers */,
				089C1675FE841209C02AAC07 /* Resources */,
				089C1676FE841209C02AAC07 /* Sources */,
				089C1677FE841209C02AAC07 /* Frameworks */,
				089C1679FE841209C02AAC07 /* Rez */,
				06AA1264FFB2107B11CA28AA /* ShellScript */,
			);
			dependencies = (
				0117744D00710D0C7F000001 /* PBXTargetDependency */,
			);
			name = CMI8738AudioDriver;
			productInstallPath = "$(SYSTEM_LIBRARY_DIR)/Extensions";
			productName = CMI8738AudioDriver;
			productReference = 0B81C263FFB7832611CA28AA /* CMI8738PCIAudioDriver.kext */;
			productSettingsXML = "<?xml version=\"1.0\" encoding=\"UTF-8\"?>
<!DOCTYPE plist PUBLIC \"-//Apple Computer//DTD PLIST 1.0//EN\" \"http://www.apple.com/DTDs/PropertyList-1.0.dtd\">
<plist version=\"1.0\">
<dict>
	<key>CFBundleDevelopmentRegion</key>
	<string>English</string>
	<key>CFBundleExecutable</key>
	<string>CMI8738PCIAudioDriver</string>
	<key>CFBundleIconFile</key>
	<string></string>
	<key>CFBundleIdentifier</key>
	<string>com.homebrew.driver.CMI8738Audio</string>
	<key>CFBundleInfoDictionaryVersion</key>
	<string>6.0</string>
	<key>CFBundlePackageType</key>
	<string>KEXT</string>
	<key>CFBundleSignature</key>
	<string>????</string>
	<key>CFBundleVersion</key>
	<string>0.6.4</string>
	<key>IOKitPersonalities</key>
	<dict>
		<key>CMI8738PCIAudioDriver</key>
		<dict>
			<key>CFBundleIdentifier</key>
			<string>com.homebrew.driver.CMI8738Audio</string>
			<key>IOClass</key>
			<string>com_homebrew_driver_CMI8738Audio</string>
			<key>IOPCIMatch</key>
			<string>0x011113F6 0x010013F6 0x010113F6</string>
			<key>IOProviderClass</key>
			<string>IOPCIDevice</string>
		</dict>
	</dict>
	<key>OSBundleLibraries</key>
	<dict>
		<key>com.apple.iokit.IOAudioFamily</key>
		<string>1.1fc6</string>
		<key>com.apple.iokit.IOPCIFamily</key>
		<string>1.0</string>
	</dict>
</dict>
</plist>
";
		};
/* End PBXBundleTarget section */

/* Begin PBXContainerItemProxy section */
		DD0C272328D3BBF600D1405D /* PBXContainerItemProxy */ = {
			isa = PBXContainerItemProxy;
			containerPortal = 089C1669FE841209C02AAC07 /* Project object */;
			proxyType = 1;
			remoteGlobalIDString = DD0C271528D3BB1200D1405D;
			remoteInfo = libAuioFloatLib_updated_64;
		};
		DD0C272628D3BC0200D1405D /* PBXContainerItemProxy */ = {
			isa = PBXContainerItemProxy;
			containerPortal = 089C1669FE841209C02AAC07 /* Project object */;
			proxyType = 1;
			remoteGlobalIDString = DD912B3F2613831000FA0863;
			remoteInfo = libAuioFloatLib_updated;
		};
		FCC4E41808B955A500AC9D19 /* PBXContainerItemProxy */ = {
			isa = PBXContainerItemProxy;
			containerPortal = 089C1669FE841209C02AAC07 /* Project object */;
			proxyType = 1;
			remoteGlobalIDString = 011774450071097E7F000001;
			remoteInfo = libAudioFloatLib;
		};
/* End PBXContainerItemProxy section */

/* Begin PBXFileReference section */
		00F55081007288EA11FF4F98 /* Kernel.framework */ = {isa = PBXFileReference; lastKnownFileType = wrapper.framework; name = Kernel.framework; path = /System/Library/Frameworks/Kernel.framework; sourceTree = "<absolute>"; };
		011774440071097E7F000001 /* libAudioFloatLib.a */ = {isa = PBXFileReference; explicitFileType = "compiled.mach-o.dylib"; path = libAudioFloatLib.a; sourceTree = BUILT_PRODUCTS_DIR; };
		0117744B00710CA77F000001 /* SampleAudioClip.cpp */ = {isa = PBXFileReference; lastKnownFileType = sourcecode.cpp.cpp; path = SampleAudioClip.cpp; sourceTree = "<group>"; };
		0117744E00710DAB7F000001 /* CMI8738AudioEngine.h */ = {isa = PBXFileReference; lastKnownFileType = sourcecode.c.h; path = CMI8738AudioEngine.h; sourceTree = "<group>"; };
		0117744F00710DAB7F000001 /* CMI8738AudioEngine.cpp */ = {isa = PBXFileReference; lastKnownFileType = sourcecode.cpp.cpp; path = CMI8738AudioEngine.cpp; sourceTree = "<group>"; wrapsLines = 0; };
		089C167EFE841241C02AAC07 /* English */ = {isa = PBXFileReference; fileEncoding = 10; lastKnownFileType = text.plist.strings; name = English; path = English.lproj/InfoPlist.strings; sourceTree = "<group>"; };
		0B81C263FFB7832611CA28AA /* CMI8738PCIAudioDriver.kext */ = {isa = PBXFileReference; explicitFileType = wrapper.cfbundle; path = CMI8738PCIAudioDriver.kext; sourceTree = BUILT_PRODUCTS_DIR; };
		1A224C3EFF42367911CA2CB7 /* CMI8738AudioDevice.h */ = {isa = PBXFileReference; lastKnownFileType = sourcecode.c.h; path = CMI8738AudioDevice.h; sourceTree = "<group>"; };
		1A224C3FFF42367911CA2CB7 /* CMI8738AudioDevice.cpp */ = {isa = PBXFileReference; lastKnownFileType = sourcecode.cpp.cpp; path = CMI8738AudioDevice.cpp; sourceTree = "<group>"; };
		DD0C271328D3BB0F00D1405D /* CMI8738AudioDriver_updated_64.kext */ = {isa = PBXFileReference; explicitFileType = wrapper.cfbundle; includeInIndex = 0; path = CMI8738AudioDriver_updated_64.kext; sourceTree = BUILT_PRODUCTS_DIR; };
		DD0C272028D3BB1200D1405D /* liblibAuioFloatLib_updated_64.a */ = {isa = PBXFileReference; explicitFileType = archive.ar; includeInIndex = 0; path = liblibAuioFloatLib_updated_64.a; sourceTree = BUILT_PRODUCTS_DIR; };
		DD6618622A0885320067EF40 /* CMI8738AudioDriver_updated_64-info.plist */ = {isa = PBXFileReference; lastKnownFileType = text.xml; path = "CMI8738AudioDriver_updated_64-info.plist"; sourceTree = "<group>"; };
		DD6EE222275C1A4000BAB794 /* SampleConvert.h */ = {isa = PBXFileReference; fileEncoding = 4; lastKnownFileType = sourcecode.c.h; path = SampleConvert.h; sourceTree = "<group>"; };
		DD73C19C29DE779100D3B953 /* Memhandle.cpp */ = {isa = PBXFileReference; lastKnownFileType = sourcecode.cpp.cpp; path = Memhandle.cpp; sourceTree = "<group>"; };
		DD73C19D29DE779100D3B953 /* Memhandle.h */ = {isa = PBXFileReference; lastKnownFileType = sourcecode.c.h; path = Memhandle.h; sourceTree = "<group>"; };
		DD73C1A429DE7AF300D3B953 /* ArchDetect.h */ = {isa = PBXFileReference; lastKnownFileType = sourcecode.c.h; path = ArchDetect.h; sourceTree = "<group>"; };
		DD8B88F42613904100236EB7 /* install_updated.command */ = {isa = PBXFileReference; fileEncoding = 4; lastKnownFileType = text.script.sh; path = install_updated.command; sourceTree = "<group>"; };
		DD912B2C2613812800FA0863 /* CMI8738AudioDriver_updated.kext */ = {isa = PBXFileReference; explicitFileType = wrapper.cfbundle; includeInIndex = 0; path = CMI8738AudioDriver_updated.kext; sourceTree = BUILT_PRODUCTS_DIR; };
		DD912B2D2613812800FA0863 /* CMI8738AudioDriver_updated-Info.plist */ = {isa = PBXFileReference; lastKnownFileType = text.xml; path = "CMI8738AudioDriver_updated-Info.plist"; sourceTree = "<group>"; };
		DD912B402613831000FA0863 /* libAuioFloatLib.a */ = {isa = PBXFileReference; explicitFileType = archive.ar; includeInIndex = 0; path = libAuioFloatLib.a; sourceTree = BUILT_PRODUCTS_DIR; };
		FCDBEC6608B9B3D30082AEF9 /* CMI8738-register.h */ = {isa = PBXFileReference; fileEncoding = 4; lastKnownFileType = sourcecode.c.h; path = "CMI8738-register.h"; sourceTree = "<group>"; };
		FCE7239808C89FB200026E23 /* install.command */ = {isa = PBXFileReference; fileEncoding = 4; lastKnownFileType = text.script.sh; path = install.command; sourceTree = "<group>"; };
/* End PBXFileReference section */

/* Begin PBXFrameworksBuildPhase section */
		011774480071097E7F000001 /* Frameworks */ = {
			isa = PBXFrameworksBuildPhase;
			buildActionMask = 2147483647;
			files = (
			);
			runOnlyForDeploymentPostprocessing = 0;
		};
		089C1677FE841209C02AAC07 /* Frameworks */ = {
			isa = PBXFrameworksBuildPhase;
			buildActionMask = 2147483647;
			files = (
				0117744A007109A97F000001 /* libAudioFloatLib.a in Frameworks */,
			);
			runOnlyForDeploymentPostprocessing = 0;
		};
		DD0C270B28D3BB0F00D1405D /* Frameworks */ = {
			isa = PBXFrameworksBuildPhase;
			buildActionMask = 2147483647;
			files = (
				DD0C272228D3BBF600D1405D /* liblibAuioFloatLib_updated_64.a in Frameworks */,
			);
			runOnlyForDeploymentPostprocessing = 0;
		};
		DD0C271A28D3BB1200D1405D /* Frameworks */ = {
			isa = PBXFrameworksBuildPhase;
			buildActionMask = 2147483647;
			files = (
			);
			runOnlyForDeploymentPostprocessing = 0;
		};
		DD912B2A2613812800FA0863 /* Frameworks */ = {
			isa = PBXFrameworksBuildPhase;
			buildActionMask = 2147483647;
			files = (
				DD0C272528D3BC0200D1405D /* libAuioFloatLib.a in Frameworks */,
			);
			runOnlyForDeploymentPostprocessing = 0;
		};
		DD912B3E2613831000FA0863 /* Frameworks */ = {
			isa = PBXFrameworksBuildPhase;
			buildActionMask = 2147483647;
			files = (
			);
			runOnlyForDeploymentPostprocessing = 0;
		};
/* End PBXFrameworksBuildPhase section */

/* Begin PBXGroup section */
		089C166AFE841209C02AAC07 /* CMI8738AudioDriver */ = {
			isa = PBXGroup;
			children = (
				19C28FB6FE9D52B211CA2CBB /* Products */,
				247142CAFF3F8F9811CA285C /* Source */,
				089C167CFE841241C02AAC07 /* Resources */,
				00F55081007288EA11FF4F98 /* Kernel.framework */,
				DD912B2D2613812800FA0863 /* CMI8738AudioDriver_updated-Info.plist */,
				DD6618622A0885320067EF40 /* CMI8738AudioDriver_updated_64-info.plist */,
				DD0C272128D3BBF600D1405D /* Frameworks */,
			);
			name = CMI8738AudioDriver;
			sourceTree = "<group>";
		};
		089C167CFE841241C02AAC07 /* Resources */ = {
			isa = PBXGroup;
			children = (
				089C167DFE841241C02AAC07 /* InfoPlist.strings */,
			);
			name = Resources;
			sourceTree = "<group>";
		};
		19C28FB6FE9D52B211CA2CBB /* Products */ = {
			isa = PBXGroup;
			children = (
				0B81C263FFB7832611CA28AA /* CMI8738PCIAudioDriver.kext */,
				011774440071097E7F000001 /* libAudioFloatLib.a */,
				DD912B2C2613812800FA0863 /* CMI8738AudioDriver_updated.kext */,
				DD912B402613831000FA0863 /* libAuioFloatLib.a */,
				DD0C271328D3BB0F00D1405D /* CMI8738AudioDriver_updated_64.kext */,
				DD0C272028D3BB1200D1405D /* liblibAuioFloatLib_updated_64.a */,
			);
			name = Products;
			sourceTree = "<group>";
		};
		247142CAFF3F8F9811CA285C /* Source */ = {
			isa = PBXGroup;
			children = (
				FCE7239808C89FB200026E23 /* install.command */,
				DD8B88F42613904100236EB7 /* install_updated.command */,
				1A224C3EFF42367911CA2CB7 /* CMI8738AudioDevice.h */,
				1A224C3FFF42367911CA2CB7 /* CMI8738AudioDevice.cpp */,
				0117744E00710DAB7F000001 /* CMI8738AudioEngine.h */,
				0117744F00710DAB7F000001 /* CMI8738AudioEngine.cpp */,
				0117744B00710CA77F000001 /* SampleAudioClip.cpp */,
				FCDBEC6608B9B3D30082AEF9 /* CMI8738-register.h */,
				DD6EE222275C1A4000BAB794 /* SampleConvert.h */,
				DD73C19D29DE779100D3B953 /* Memhandle.h */,
				DD73C19C29DE779100D3B953 /* Memhandle.cpp */,
				DD73C1A429DE7AF300D3B953 /* ArchDetect.h */,
			);
			name = Source;
			sourceTree = "<group>";
		};
		DD0C272128D3BBF600D1405D /* Frameworks */ = {
			isa = PBXGroup;
			children = (
			);
			name = Frameworks;
			sourceTree = "<group>";
		};
/* End PBXGroup section */

/* Begin PBXHeadersBuildPhase section */
		011774460071097E7F000001 /* Headers */ = {
			isa = PBXHeadersBuildPhase;
			buildActionMask = 2147483647;
			files = (
			);
			runOnlyForDeploymentPostprocessing = 0;
		};
		089C1674FE841209C02AAC07 /* Headers */ = {
			isa = PBXHeadersBuildPhase;
			buildActionMask = 2147483647;
			files = (
				1A224C40FF42367911CA2CB7 /* CMI8738AudioDevice.h in Headers */,
				0117745000710DAB7F000001 /* CMI8738AudioEngine.h in Headers */,
				DD73C1A529DE7AF300D3B953 /* ArchDetect.h in Headers */,
				DD73C1A129DE779100D3B953 /* Memhandle.h in Headers */,
				FCDBEC6708B9B3D30082AEF9 /* CMI8738-register.h in Headers */,
			);
			runOnlyForDeploymentPostprocessing = 0;
		};
		DD0C270128D3BB0F00D1405D /* Headers */ = {
			isa = PBXHeadersBuildPhase;
			buildActionMask = 2147483647;
			files = (
				DD0C270228D3BB0F00D1405D /* CMI8738-register.h in Headers */,
				DD0C270328D3BB0F00D1405D /* CMI8738AudioDevice.h in Headers */,
				DD73C1A729DE7AF300D3B953 /* ArchDetect.h in Headers */,
				DD73C1A329DE779100D3B953 /* Memhandle.h in Headers */,
				DD0C270428D3BB0F00D1405D /* CMI8738AudioEngine.h in Headers */,
			);
			runOnlyForDeploymentPostprocessing = 0;
		};
		DD0C271628D3BB1200D1405D /* Headers */ = {
			isa = PBXHeadersBuildPhase;
			buildActionMask = 2147483647;
			files = (
				DD0C271728D3BB1200D1405D /* SampleConvert.h in Headers */,
			);
			runOnlyForDeploymentPostprocessing = 0;
		};
		DD912B3C2613831000FA0863 /* Headers */ = {
			isa = PBXHeadersBuildPhase;
			buildActionMask = 2147483647;
			files = (
				DD6EE223275C1A4000BAB794 /* SampleConvert.h in Headers */,
			);
			runOnlyForDeploymentPostprocessing = 0;
		};
		DD912B7C2613852B00FA0863 /* Headers */ = {
			isa = PBXHeadersBuildPhase;
			buildActionMask = 2147483647;
			files = (
				DD912B7D2613855300FA0863 /* CMI8738-register.h in Headers */,
				DD912B7E2613855800FA0863 /* CMI8738AudioDevice.h in Headers */,
				DD73C1A629DE7AF300D3B953 /* ArchDetect.h in Headers */,
				DD73C1A229DE779100D3B953 /* Memhandle.h in Headers */,
				DD912B7F2613855C00FA0863 /* CMI8738AudioEngine.h in Headers */,
			);
			runOnlyForDeploymentPostprocessing = 0;
		};
/* End PBXHeadersBuildPhase section */

/* Begin PBXLibraryTarget section */
		011774450071097E7F000001 /* libAudioFloatLib */ = {
			isa = PBXLibraryTarget;
			buildConfigurationList = FCC4E42108B955B400AC9D19 /* Build configuration list for PBXLibraryTarget "libAudioFloatLib" */;
			buildPhases = (
				011774460071097E7F000001 /* Headers */,
				011774470071097E7F000001 /* Sources */,
				011774480071097E7F000001 /* Frameworks */,
				011774490071097E7F000001 /* Rez */,
			);
			dependencies = (
			);
			name = libAudioFloatLib;
			productInstallPath = /usr/local/lib;
			productName = libAudioFloatLib;
			productReference = 011774440071097E7F000001 /* libAudioFloatLib.a */;
		};
/* End PBXLibraryTarget section */

/* Begin PBXNativeTarget section */
		DD0C26FD28D3BB0F00D1405D /* CMI8738AudioDriver_updated_64 */ = {
			isa = PBXNativeTarget;
			buildConfigurationList = DD0C270F28D3BB0F00D1405D /* Build configuration list for PBXNativeTarget "CMI8738AudioDriver_updated_64" */;
			buildPhases = (
				DD0C270028D3BB0F00D1405D /* ShellScript */,
				DD0C270128D3BB0F00D1405D /* Headers */,
				DD0C270528D3BB0F00D1405D /* Resources */,
				DD0C270828D3BB0F00D1405D /* Sources */,
				DD0C270B28D3BB0F00D1405D /* Frameworks */,
				DD0C270D28D3BB0F00D1405D /* Rez */,
				DD0C270E28D3BB0F00D1405D /* ShellScript */,
			);
			buildRules = (
			);
			dependencies = (
				DD0C272428D3BBF600D1405D /* PBXTargetDependency */,
			);
			name = CMI8738AudioDriver_updated_64;
			productName = CMI8738AudioDriver_updated;
			productReference = DD0C271328D3BB0F00D1405D /* CMI8738AudioDriver_updated_64.kext */;
			productType = "com.apple.product-type.kernel-extension.iokit";
		};
		DD0C271528D3BB1200D1405D /* libAuioFloatLib_updated_64 */ = {
			isa = PBXNativeTarget;
			buildConfigurationList = DD0C271C28D3BB1200D1405D /* Build configuration list for PBXNativeTarget "libAuioFloatLib_updated_64" */;
			buildPhases = (
				DD0C271628D3BB1200D1405D /* Headers */,
				DD0C271828D3BB1200D1405D /* Sources */,
				DD0C271A28D3BB1200D1405D /* Frameworks */,
				DD0C271B28D3BB1200D1405D /* Rez */,
			);
			buildRules = (
			);
			dependencies = (
			);
			name = libAuioFloatLib_updated_64;
			productName = libAuioFloatLib_updated;
			productReference = DD0C272028D3BB1200D1405D /* liblibAuioFloatLib_updated_64.a */;
			productType = "com.apple.product-type.library.static";
		};
		DD912B2B2613812800FA0863 /* CMI8738AudioDriver_updated */ = {
			isa = PBXNativeTarget;
			buildConfigurationList = DD912B312613812800FA0863 /* Build configuration list for PBXNativeTarget "CMI8738AudioDriver_updated" */;
			buildPhases = (
				DD912B762613848C00FA0863 /* ShellScript */,
				DD912B7C2613852B00FA0863 /* Headers */,
				DD912B292613812800FA0863 /* Resources */,
				DD912B282613812800FA0863 /* Sources */,
				DD912B2A2613812800FA0863 /* Frameworks */,
				DD912B862613864300FA0863 /* Rez */,
				DD912B882613865A00FA0863 /* ShellScript */,
			);
			buildRules = (
			);
			dependencies = (
				DD0C272728D3BC0200D1405D /* PBXTargetDependency */,
			);
			name = CMI8738AudioDriver_updated;
			productName = CMI8738AudioDriver_updated;
			productReference = DD912B2C2613812800FA0863 /* CMI8738AudioDriver_updated.kext */;
			productType = "com.apple.product-type.kernel-extension.iokit";
		};
		DD912B3F2613831000FA0863 /* libAuioFloatLib_updated */ = {
			isa = PBXNativeTarget;
			buildConfigurationList = DD912B442613833500FA0863 /* Build configuration list for PBXNativeTarget "libAuioFloatLib_updated" */;
			buildPhases = (
				DD912B3C2613831000FA0863 /* Headers */,
				DD912B3D2613831000FA0863 /* Sources */,
				DD912B3E2613831000FA0863 /* Frameworks */,
				DD912B912613870500FA0863 /* Rez */,
			);
			buildRules = (
			);
			dependencies = (
			);
			name = libAuioFloatLib_updated;
			productName = libAuioFloatLib_updated;
			productReference = DD912B402613831000FA0863 /* libAuioFloatLib.a */;
			productType = "com.apple.product-type.library.static";
		};
/* End PBXNativeTarget section */

/* Begin PBXProject section */
		089C1669FE841209C02AAC07 /* Project object */ = {
			isa = PBXProject;
			buildConfigurationList = FCC4E42908B955B400AC9D19 /* Build configuration list for PBXProject "CMI8738AudioDriver" */;
			compatibilityVersion = "Xcode 3.1";
			developmentRegion = en;
			hasScannedForEncodings = 0;
			knownRegions = (
				en,
				English,
			);
			mainGroup = 089C166AFE841209C02AAC07 /* CMI8738AudioDriver */;
			projectDirPath = "";
			projectRoot = "";
			targets = (
				089C1673FE841209C02AAC07 /* CMI8738AudioDriver */,
				011774450071097E7F000001 /* libAudioFloatLib */,
				DD912B2B2613812800FA0863 /* CMI8738AudioDriver_updated */,
				DD912B3F2613831000FA0863 /* libAuioFloatLib_updated */,
				DD0C26FD28D3BB0F00D1405D /* CMI8738AudioDriver_updated_64 */,
				DD0C271528D3BB1200D1405D /* libAuioFloatLib_updated_64 */,
			);
		};
/* End PBXProject section */

/* Begin PBXResourcesBuildPhase section */
		089C1675FE841209C02AAC07 /* Resources */ = {
			isa = PBXResourcesBuildPhase;
			buildActionMask = 2147483647;
			files = (
				089C1680FE841241C02AAC07 /* InfoPlist.strings in Resources */,
			);
			runOnlyForDeploymentPostprocessing = 0;
		};
		DD0C270528D3BB0F00D1405D /* Resources */ = {
			isa = PBXResourcesBuildPhase;
			buildActionMask = 2147483647;
			files = (
				DD0C270628D3BB0F00D1405D /* InfoPlist.strings in Resources */,
				DD0C270728D3BB0F00D1405D /* install_updated.command in Resources */,
			);
			runOnlyForDeploymentPostprocessing = 0;
		};
		DD912B292613812800FA0863 /* Resources */ = {
			isa = PBXResourcesBuildPhase;
			buildActionMask = 2147483647;
			files = (
				DD912BDE26138AA500FA0863 /* InfoPlist.strings in Resources */,
				DD8B88F52613904100236EB7 /* install_updated.command in Resources */,
			);
			runOnlyForDeploymentPostprocessing = 0;
		};
/* End PBXResourcesBuildPhase section */

/* Begin PBXRezBuildPhase section */
		011774490071097E7F000001 /* Rez */ = {
			isa = PBXRezBuildPhase;
			buildActionMask = 2147483647;
			files = (
			);
			runOnlyForDeploymentPostprocessing = 0;
		};
		089C1679FE841209C02AAC07 /* Rez */ = {
			isa = PBXRezBuildPhase;
			buildActionMask = 2147483647;
			files = (
			);
			runOnlyForDeploymentPostprocessing = 0;
		};
		DD0C270D28D3BB0F00D1405D /* Rez */ = {
			isa = PBXRezBuildPhase;
			buildActionMask = 2147483647;
			files = (
			);
			runOnlyForDeploymentPostprocessing = 0;
		};
		DD0C271B28D3BB1200D1405D /* Rez */ = {
			isa = PBXRezBuildPhase;
			buildActionMask = 2147483647;
			files = (
			);
			runOnlyForDeploymentPostprocessing = 0;
		};
		DD912B862613864300FA0863 /* Rez */ = {
			isa = PBXRezBuildPhase;
			buildActionMask = 2147483647;
			files = (
			);
			runOnlyForDeploymentPostprocessing = 0;
		};
		DD912B912613870500FA0863 /* Rez */ = {
			isa = PBXRezBuildPhase;
			buildActionMask = 2147483647;
			files = (
			);
			runOnlyForDeploymentPostprocessing = 0;
		};
/* End PBXRezBuildPhase section */

/* Begin PBXShellScriptBuildPhase section */
		06AA1264FFB2107B11CA28AA /* ShellScript */ = {
			isa = PBXShellScriptBuildPhase;
			buildActionMask = 2147483647;
			files = (
			);
			runOnlyForDeploymentPostprocessing = 0;
			shellPath = /bin/sh;
			shellScript = "script=\"${SYSTEM_DEVELOPER_DIR}/ProjectBuilder Extras/Kernel Extension Support/KEXTPostprocess\";\nif [ -x \"$script\" ]; then\n    . \"$script\"\nfi\nfind \"${BUILT_PRODUCTS_DIR}/CMI8738PCIAudioDriver.kext\" -type d -exec /bin/chmod 0755 {} \\;\nfind \"${BUILT_PRODUCTS_DIR}/CMI8738PCIAudioDriver.kext\" -type f -exec /bin/chmod 0644 {} \\;\ncp ${SRCROOT}/install.command ${BUILT_PRODUCTS_DIR}";
		};
		06AA1267FFB2110C11CA28AA /* ShellScript */ = {
			isa = PBXShellScriptBuildPhase;
			buildActionMask = 2147483647;
			files = (
			);
			runOnlyForDeploymentPostprocessing = 0;
			shellPath = /bin/sh;
			shellScript = "script=\"${SYSTEM_DEVELOPER_DIR}/ProjectBuilder Extras/Kernel Extension Support/KEXTPreprocess\";\nif [ -x \"$script\" ]; then\n    . \"$script\"\nfi";
		};
		DD0C270028D3BB0F00D1405D /* ShellScript */ = {
			isa = PBXShellScriptBuildPhase;
			buildActionMask = 2147483647;
			files = (
			);
			inputPaths = (
			);
			outputPaths = (
			);
			runOnlyForDeploymentPostprocessing = 0;
			shellPath = /bin/sh;
			shellScript = "script=\"${SYSTEM_DEVELOPER_DIR}/ProjectBuilder Extras/Kernel Extension Support/KEXTPreprocess\";\nif [ -x \"$script\" ]; then\n    . \"$script\"\nfi";
		};
		DD0C270E28D3BB0F00D1405D /* ShellScript */ = {
			isa = PBXShellScriptBuildPhase;
			buildActionMask = 2147483647;
			files = (
			);
			inputPaths = (
			);
			outputPaths = (
			);
			runOnlyForDeploymentPostprocessing = 0;
			shellPath = /bin/sh;
			shellScript = "script=\"${SYSTEM_DEVELOPER_DIR}/ProjectBuilder Extras/Kernel Extension Support/KEXTPostprocess\";\nif [ -x \"$script\" ]; then\n    . \"$script\"\nfi\nfind \"${BUILT_PRODUCTS_DIR}/CMI8738AudioDriver_updated.kext\" -type d -exec /bin/chmod 0755 {} \\;\nfind \"${BUILT_PRODUCTS_DIR}/CMI8738AudioDriver_updated.kext\" -type f -exec /bin/chmod 0644 {} \\;\ncp ${SRCROOT}/install_updated.command ${BUILT_PRODUCTS_DIR}";
		};
		DD912B762613848C00FA0863 /* ShellScript */ = {
			isa = PBXShellScriptBuildPhase;
			buildActionMask = 2147483647;
			files = (
			);
			inputPaths = (
			);
			outputPaths = (
			);
			runOnlyForDeploymentPostprocessing = 0;
			shellPath = /bin/sh;
			shellScript = "script=\"${SYSTEM_DEVELOPER_DIR}/ProjectBuilder Extras/Kernel Extension Support/KEXTPreprocess\";\nif [ -x \"$script\" ]; then\n    . \"$script\"\nfi";
		};
		DD912B882613865A00FA0863 /* ShellScript */ = {
			isa = PBXShellScriptBuildPhase;
			buildActionMask = 2147483647;
			files = (
			);
			inputPaths = (
			);
			outputPaths = (
			);
			runOnlyForDeploymentPostprocessing = 0;
			shellPath = /bin/sh;
			shellScript = "script=\"${SYSTEM_DEVELOPER_DIR}/ProjectBuilder Extras/Kernel Extension Support/KEXTPostprocess\";\nif [ -x \"$script\" ]; then\n    . \"$script\"\nfi\nfind \"${BUILT_PRODUCTS_DIR}/CMI8738AudioDriver_updated.kext\" -type d -exec /bin/chmod 0755 {} \\;\nfind \"${BUILT_PRODUCTS_DIR}/CMI8738AudioDriver_updated.kext\" -type f -exec /bin/chmod 0644 {} \\;\ncp ${SRCROOT}/install_updated.command ${BUILT_PRODUCTS_DIR}";
		};
/* End PBXShellScriptBuildPhase section */

/* Begin PBXSourcesBuildPhase section */
		011774470071097E7F000001 /* Sources */ = {
			isa = PBXSourcesBuildPhase;
			buildActionMask = 2147483647;
			files = (
				0117744C00710CA77F000001 /* SampleAudioClip.cpp in Sources */,
			);
			runOnlyForDeploymentPostprocessing = 0;
		};
		089C1676FE841209C02AAC07 /* Sources */ = {
			isa = PBXSourcesBuildPhase;
			buildActionMask = 2147483647;
			files = (
				1A224C41FF42367911CA2CB7 /* CMI8738AudioDevice.cpp in Sources */,
				0117745100710DAB7F000001 /* CMI8738AudioEngine.cpp in Sources */,
				DD73C19E29DE779100D3B953 /* Memhandle.cpp in Sources */,
			);
			runOnlyForDeploymentPostprocessing = 0;
		};
		DD0C270828D3BB0F00D1405D /* Sources */ = {
			isa = PBXSourcesBuildPhase;
			buildActionMask = 2147483647;
			files = (
				DD0C270928D3BB0F00D1405D /* CMI8738AudioDevice.cpp in Sources */,
				DD0C270A28D3BB0F00D1405D /* CMI8738AudioEngine.cpp in Sources */,
				DD73C1A029DE779100D3B953 /* Memhandle.cpp in Sources */,
			);
			runOnlyForDeploymentPostprocessing = 0;
		};
		DD0C271828D3BB1200D1405D /* Sources */ = {
			isa = PBXSourcesBuildPhase;
			buildActionMask = 2147483647;
			files = (
				DD0C271928D3BB1200D1405D /* SampleAudioClip.cpp in Sources */,
			);
			runOnlyForDeploymentPostprocessing = 0;
		};
		DD912B282613812800FA0863 /* Sources */ = {
			isa = PBXSourcesBuildPhase;
			buildActionMask = 2147483647;
			files = (
				DD912B802613859A00FA0863 /* CMI8738AudioDevice.cpp in Sources */,
				DD912B812613859A00FA0863 /* CMI8738AudioEngine.cpp in Sources */,
				DD73C19F29DE779100D3B953 /* Memhandle.cpp in Sources */,
			);
			runOnlyForDeploymentPostprocessing = 0;
		};
		DD912B3D2613831000FA0863 /* Sources */ = {
			isa = PBXSourcesBuildPhase;
			buildActionMask = 2147483647;
			files = (
				DD912B89261386DC00FA0863 /* SampleAudioClip.cpp in Sources */,
			);
			runOnlyForDeploymentPostprocessing = 0;
		};
/* End PBXSourcesBuildPhase section */

/* Begin PBXTargetDependency section */
		0117744D00710D0C7F000001 /* PBXTargetDependency */ = {
			isa = PBXTargetDependency;
			target = 011774450071097E7F000001 /* libAudioFloatLib */;
			targetProxy = FCC4E41808B955A500AC9D19 /* PBXContainerItemProxy */;
		};
		DD0C272428D3BBF600D1405D /* PBXTargetDependency */ = {
			isa = PBXTargetDependency;
			target = DD0C271528D3BB1200D1405D /* libAuioFloatLib_updated_64 */;
			targetProxy = DD0C272328D3BBF600D1405D /* PBXContainerItemProxy */;
		};
		DD0C272728D3BC0200D1405D /* PBXTargetDependency */ = {
			isa = PBXTargetDependency;
			target = DD912B3F2613831000FA0863 /* libAuioFloatLib_updated */;
			targetProxy = DD0C272628D3BC0200D1405D /* PBXContainerItemProxy */;
		};
/* End PBXTargetDependency section */

/* Begin PBXVariantGroup section */
		089C167DFE841241C02AAC07 /* InfoPlist.strings */ = {
			isa = PBXVariantGroup;
			children = (
				089C167EFE841241C02AAC07 /* English */,
			);
			name = InfoPlist.strings;
			sourceTree = "<group>";
		};
/* End PBXVariantGroup section */

/* Begin XCBuildConfiguration section */
		DD0C271028D3BB0F00D1405D /* Development */ = {
			isa = XCBuildConfiguration;
			buildSettings = {
				ALWAYS_SEARCH_USER_PATHS = YES;
				ARCHS = "$(ARCHS_STANDARD)";
				ARCHS_STANDARD_32_64_BIT_PRE_XCODE_3_1 = "x86_64 i386 ppc";
				ARCHS_STANDARD_32_BIT_PRE_XCODE_3_1 = "ppc i386";
				COPY_PHASE_STRIP = NO;
				CURRENT_PROJECT_VERSION = 2;
				DEBUG_INFORMATION_FORMAT = "dwarf-with-dsym";
				GCC_DYNAMIC_NO_PIC = NO;
				GCC_ENABLE_FIX_AND_CONTINUE = NO;
				GCC_MODEL_TUNING = "";
				GCC_OPTIMIZATION_LEVEL = s;
				GCC_PREPROCESSOR_DEFINITIONS = "DEBUG=1";
				INFOPLIST_FILE = "CMI8738AudioDriver_updated_64-info.plist";
				INSTALL_PATH = "$(SYSTEM_LIBRARY_DIR)/Extensions";
				KERNEL_MODULE = YES;
				LIBRARY_SEARCH_PATHS = (
					"$(inherited)",
					"$(LIBRARY_SEARCH_PATHS_QUOTED_FOR_TARGET_1)",
				);
				LIBRARY_SEARCH_PATHS_QUOTED_FOR_TARGET_1 = "\\\"$(SRCROOT)/build/Deployment\\\"";
				MACOSX_DEPLOYMENT_TARGET = 10.6;
				MARKETING_VERSION = 2.0;
				MODULE_IOKIT = YES;
				MODULE_NAME = com.homebrew.driver.CMI8738AudioDriver_updated;
				MODULE_VERSION = 1.0.0d1;
				OTHER_REZFLAGS = "";
				PREBINDING = NO;
				PRODUCT_NAME = "$(TARGET_NAME)";
				SDKROOT = macosx;
				VALID_ARCHS = "ppc i386 x86_64 arm64e";
				WARNING_CFLAGS = (
					"-Wmost",
					"-Wno-four-char-constants",
					"-Wno-unknown-pragmas",
				);
				WRAPPER_EXTENSION = kext;
				ZERO_LINK = NO;
			};
			name = Development;
		};
		DD0C271128D3BB0F00D1405D /* Deployment */ = {
			isa = XCBuildConfiguration;
			buildSettings = {
				ALWAYS_SEARCH_USER_PATHS = NO;
				ARCHS = "$(ARCHS_STANDARD)";
				ARCHS_STANDARD_32_64_BIT_PRE_XCODE_3_1 = "x86_64 i386 ppc";
				COPY_PHASE_STRIP = YES;
				CURRENT_PROJECT_VERSION = 2;
				DEBUG_INFORMATION_FORMAT = "dwarf-with-dsym";
				GCC_ENABLE_FIX_AND_CONTINUE = NO;
				GCC_MODEL_TUNING = G5;
				GCC_PREPROCESSOR_DEFINITIONS = "DEBUG=1";
				INFOPLIST_FILE = "CMI8738AudioDriver_updated_64-info.plist";
				INSTALL_PATH = "$(SYSTEM_LIBRARY_DIR)/Extensions";
				MACOSX_DEPLOYMENT_TARGET = 10.6;
				MARKETING_VERSION = 2.0;
				MODULE_NAME = com.yourcompany.driver.CMI8738AudioDriver_updated;
				MODULE_VERSION = 1.0.0d1;
				PREBINDING = NO;
				PRODUCT_NAME = "$(TARGET_NAME)";
				SDKROOT = macosx;
				VALID_ARCHS = "ppc i386 x86_64 arm64e";
				WRAPPER_EXTENSION = kext;
				ZERO_LINK = NO;
			};
			name = Deployment;
		};
		DD0C271228D3BB0F00D1405D /* Default */ = {
			isa = XCBuildConfiguration;
			buildSettings = {
				ALWAYS_SEARCH_USER_PATHS = NO;
				ARCHS = "$(ARCHS_STANDARD)";
				ARCHS_STANDARD_32_64_BIT_PRE_XCODE_3_1 = "x86_64 i386 ppc";
				CURRENT_PROJECT_VERSION = 2;
				DEBUG_INFORMATION_FORMAT = "dwarf-with-dsym";
				GCC_ENABLE_FIX_AND_CONTINUE = NO;
				GCC_MODEL_TUNING = G5;
				GCC_PREPROCESSOR_DEFINITIONS = "DEBUG=1";
				INFOPLIST_FILE = "CMI8738AudioDriver_updated_64-info.plist";
				INSTALL_PATH = "$(SYSTEM_LIBRARY_DIR)/Extensions";
				MACOSX_DEPLOYMENT_TARGET = 10.6;
				MARKETING_VERSION = 2.0;
				MODULE_NAME = com.yourcompany.driver.CMI8738AudioDriver_updated;
				MODULE_VERSION = 1.0.0d1;
				PREBINDING = NO;
				PRODUCT_NAME = "$(TARGET_NAME)";
				SDKROOT = macosx;
				VALID_ARCHS = "ppc i386 x86_64 arm64e";
				WRAPPER_EXTENSION = kext;
			};
			name = Default;
		};
		DD0C271D28D3BB1200D1405D /* Development */ = {
			isa = XCBuildConfiguration;
			buildSettings = {
				ALWAYS_SEARCH_USER_PATHS = YES;
				ARCHS = "$(ARCHS_STANDARD)";
				ARCHS_STANDARD_32_64_BIT_PRE_XCODE_3_1 = "x86_64 i386 ppc";
				ARCHS_STANDARD_32_BIT_PRE_XCODE_3_1 = "ppc i386";
				COPY_PHASE_STRIP = YES;
				DYLIB_COMPATIBILITY_VERSION = 1;
				DYLIB_CURRENT_VERSION = 1;
				GCC_DYNAMIC_NO_PIC = NO;
				GCC_ENABLE_CPP_EXCEPTIONS = NO;
				GCC_ENABLE_CPP_RTTI = NO;
				GCC_ENABLE_FIX_AND_CONTINUE = NO;
				GCC_MODEL_TUNING = "";
				GCC_OPTIMIZATION_LEVEL = s;
				GCC_PRECOMPILE_PREFIX_HEADER = NO;
				GCC_PREFIX_HEADER = "";
				GCC_PREPROCESSOR_DEFINITIONS = "DEBUG=1";
				HEADER_SEARCH_PATHS = (
					"$(SYSTEM_LIBRARY_DIR)/Frameworks/Kernel.framework/Headers",
					"$(SYSTEM_LIBRARY_DIR)/Frameworks/Kernel.framework/Headers/bsd",
				);
				INFOPLIST_PREPROCESS = YES;
				INSTALL_PATH = /usr/local/lib;
				MACOSX_DEPLOYMENT_TARGET = 10.6;
				OTHER_CFLAGS = (
					"-nostdinc",
					"-finline",
					"-fno-keep-inline-functions",
					"-force_cpusubtype_ALL",
					"-fcheck-new",
					"-findirect-virtual-calls",
					"-static",
				);
				OTHER_LDFLAGS = "";
				PREBINDING = YES;
				PRECOMPS_INCLUDE_HEADERS_FROM_BUILT_PRODUCTS_DIR = NO;
				PRODUCT_NAME = "$(TARGET_NAME)";
				SDKROOT = macosx;
				SKIP_INSTALL = YES;
				VALID_ARCHS = "ppc i386 x86_64 arm64e";
				WARNING_CFLAGS = (
					"-Wmost",
					"-Wno-four-char-constants",
					"-Wno-unknown-pragmas",
				);
			};
			name = Development;
		};
		DD0C271E28D3BB1200D1405D /* Deployment */ = {
			isa = XCBuildConfiguration;
			buildSettings = {
				ALWAYS_SEARCH_USER_PATHS = NO;
				ARCHS = "$(ARCHS_STANDARD)";
				ARCHS_STANDARD_32_64_BIT_PRE_XCODE_3_1 = "x86_64 i386 ppc";
				COPY_PHASE_STRIP = YES;
				DEBUG_INFORMATION_FORMAT = "dwarf-with-dsym";
				GCC_ENABLE_FIX_AND_CONTINUE = NO;
				GCC_MODEL_TUNING = G5;
				GCC_PRECOMPILE_PREFIX_HEADER = YES;
				GCC_PREFIX_HEADER = "$(SYSTEM_LIBRARY_DIR)/Frameworks/AppKit.framework/Headers/AppKit.h";
				GCC_PREPROCESSOR_DEFINITIONS = "DEBUG=1";
				INSTALL_PATH = /usr/local/lib;
				MACOSX_DEPLOYMENT_TARGET = 10.6;
				OTHER_LDFLAGS = (
					"-framework",
					Foundation,
					"-framework",
					AppKit,
				);
				PREBINDING = NO;
				PRODUCT_NAME = "$(TARGET_NAME)";
				SDKROOT = macosx;
				VALID_ARCHS = "ppc i386 x86_64 arm64e";
				ZERO_LINK = NO;
			};
			name = Deployment;
		};
		DD0C271F28D3BB1200D1405D /* Default */ = {
			isa = XCBuildConfiguration;
			buildSettings = {
				ALWAYS_SEARCH_USER_PATHS = NO;
				ARCHS = "$(ARCHS_STANDARD)";
				ARCHS_STANDARD_32_64_BIT_PRE_XCODE_3_1 = "x86_64 i386 ppc";
				GCC_ENABLE_FIX_AND_CONTINUE = YES;
				GCC_MODEL_TUNING = G5;
				GCC_PRECOMPILE_PREFIX_HEADER = YES;
				GCC_PREFIX_HEADER = "$(SYSTEM_LIBRARY_DIR)/Frameworks/AppKit.framework/Headers/AppKit.h";
				GCC_PREPROCESSOR_DEFINITIONS = "DEBUG=1";
				INSTALL_PATH = /usr/local/lib;
				MACOSX_DEPLOYMENT_TARGET = 10.6;
				OTHER_LDFLAGS = (
					"-framework",
					Foundation,
					"-framework",
					AppKit,
				);
				PREBINDING = NO;
				PRODUCT_NAME = "$(TARGET_NAME)";
				SDKROOT = macosx;
				VALID_ARCHS = "ppc i386 x86_64 arm64e";
			};
			name = Default;
		};
		DD912B2E2613812800FA0863 /* Development */ = {
			isa = XCBuildConfiguration;
			buildSettings = {
				ALWAYS_SEARCH_USER_PATHS = YES;
				ARCHS = (
					ppc,
					i386,
				);
				ARCHS_STANDARD_32_64_BIT_PRE_XCODE_3_1 = "x86_64 i386 ppc";
				ARCHS_STANDARD_32_BIT_PRE_XCODE_3_1 = "ppc i386";
				COPY_PHASE_STRIP = NO;
				CURRENT_PROJECT_VERSION = 2;
				DEBUG_INFORMATION_FORMAT = "dwarf-with-dsym";
				GCC_DYNAMIC_NO_PIC = NO;
				GCC_ENABLE_FIX_AND_CONTINUE = NO;
				GCC_MODEL_TUNING = "";
				GCC_OPTIMIZATION_LEVEL = 2;
				GCC_PREPROCESSOR_DEFINITIONS = "DEBUG=1";
				GCC_VERSION = "";
				INFOPLIST_FILE = "CMI8738AudioDriver_updated-Info.plist";
				INSTALL_PATH = "$(SYSTEM_LIBRARY_DIR)/Extensions";
				KERNEL_MODULE = YES;
				LIBRARY_SEARCH_PATHS = (
					"$(inherited)",
					"$(LIBRARY_SEARCH_PATHS_QUOTED_FOR_TARGET_1)",
				);
				LIBRARY_SEARCH_PATHS_QUOTED_FOR_TARGET_1 = "\\\"$(SRCROOT)/build/Deployment\\\"";
				MACOSX_DEPLOYMENT_TARGET = 10.4;
				MARKETING_VERSION = 2.0;
				MODULE_IOKIT = YES;
				MODULE_NAME = com.homebrew.driver.CMI8738AudioDriver_updated;
				MODULE_VERSION = 1.0.0d1;
				OTHER_REZFLAGS = "";
				PREBINDING = NO;
				PRODUCT_NAME = CMI8738AudioDriver_updated;
				SDKROOT = /Developer/SDKs/MacOSX10.4u.sdk;
				VALID_ARCHS = "ppc i386 x86_64";
				WARNING_CFLAGS = (
					"-Wmost",
					"-Wno-four-char-constants",
					"-Wno-unknown-pragmas",
				);
				WRAPPER_EXTENSION = kext;
				ZERO_LINK = NO;
			};
			name = Development;
		};
		DD912B2F2613812800FA0863 /* Deployment */ = {
			isa = XCBuildConfiguration;
			buildSettings = {
				ALWAYS_SEARCH_USER_PATHS = YES;
				ARCHS = ppc;
				ARCHS_STANDARD_32_64_BIT_PRE_XCODE_3_1 = "x86_64 i386 ppc";
				COPY_PHASE_STRIP = NO;
				CURRENT_PROJECT_VERSION = 2;
				DEBUG_INFORMATION_FORMAT = "dwarf-with-dsym";
				GCC_ENABLE_FIX_AND_CONTINUE = NO;
				GCC_MODEL_TUNING = "";
				GCC_OPTIMIZATION_LEVEL = s;
				GCC_PREPROCESSOR_DEFINITIONS = "DEBUG=1";
				GCC_VERSION = 3.3;
				GCC_WARN_64_TO_32_BIT_CONVERSION = YES;
				GCC_WARN_ABOUT_RETURN_TYPE = YES;
				GCC_WARN_UNINITIALIZED_AUTOS = YES;
				GCC_WARN_UNUSED_FUNCTION = YES;
				GCC_WARN_UNUSED_VARIABLE = YES;
				INFOPLIST_FILE = "CMI8738AudioDriver_updated-Info.plist";
				INFOPLIST_PREPROCESS = YES;
				INSTALL_PATH = "$(SYSTEM_LIBRARY_DIR)/Extensions";
				KERNEL_MODULE = YES;
				LIBRARY_SEARCH_PATHS = (
					"$(inherited)",
					"$(LIBRARY_SEARCH_PATHS_QUOTED_FOR_TARGET_1)",
				);
				LIBRARY_SEARCH_PATHS_QUOTED_FOR_TARGET_1 = "\\\"$(SRCROOT)/build/Deployment\\\"";
				MACH_O_TYPE = mh_execute;
				MACOSX_DEPLOYMENT_TARGET = 10.4;
				MARKETING_VERSION = 2.0;
				MODULE_IOKIT = YES;
				MODULE_NAME = org.driver.CMI8738AudioDriver_updated;
				MODULE_VERSION = 1.0.0d1;
				PREBINDING = YES;
				PRODUCT_NAME = CMI8738AudioDriver_updated;
				SDKROOT = macosx10.4;
				STRIP_STYLE = debugging;
				VALID_ARCHS = "ppc i386 x86_64";
				WARNING_CFLAGS = (
					"-Wmost",
					"-Wno-four-char-constants",
					"-Wno-unknown-pragmas",
				);
				WRAPPER_EXTENSION = kext;
				ZERO_LINK = NO;
			};
			name = Deployment;
		};
		DD912B302613812800FA0863 /* Default */ = {
			isa = XCBuildConfiguration;
			buildSettings = {
				ALWAYS_SEARCH_USER_PATHS = NO;
				ARCHS = (
					i386,
					ppc,
				);
				ARCHS_STANDARD_32_64_BIT_PRE_XCODE_3_1 = "x86_64 i386 ppc";
				CURRENT_PROJECT_VERSION = 2;
				DEBUG_INFORMATION_FORMAT = "dwarf-with-dsym";
				GCC_ENABLE_FIX_AND_CONTINUE = NO;
				GCC_MODEL_TUNING = G5;
				INFOPLIST_FILE = "CMI8738AudioDriver_updated-Info.plist";
				INSTALL_PATH = "$(SYSTEM_LIBRARY_DIR)/Extensions";
				MACOSX_DEPLOYMENT_TARGET = 10.5;
				MARKETING_VERSION = 2.0;
				MODULE_NAME = com.yourcompany.driver.CMI8738AudioDriver_updated;
				MODULE_VERSION = 1.0.0d1;
				PREBINDING = NO;
				PRODUCT_NAME = CMI8738AudioDriver_updated;
				SDKROOT = macosx10.4;
				VALID_ARCHS = "ppc i386 x86_64";
				WRAPPER_EXTENSION = kext;
			};
			name = Default;
		};
		DD912B412613831000FA0863 /* Development */ = {
			isa = XCBuildConfiguration;
			buildSettings = {
				ALWAYS_SEARCH_USER_PATHS = YES;
				ARCHS = (
					ppc,
					i386,
				);
				ARCHS_STANDARD_32_64_BIT_PRE_XCODE_3_1 = "x86_64 i386 ppc";
				ARCHS_STANDARD_32_BIT_PRE_XCODE_3_1 = "ppc i386";
				COPY_PHASE_STRIP = YES;
				DYLIB_COMPATIBILITY_VERSION = 1;
				DYLIB_CURRENT_VERSION = 1;
				GCC_DYNAMIC_NO_PIC = NO;
				GCC_ENABLE_CPP_EXCEPTIONS = NO;
				GCC_ENABLE_CPP_RTTI = NO;
				GCC_ENABLE_FIX_AND_CONTINUE = NO;
				GCC_MODEL_TUNING = "";
				GCC_OPTIMIZATION_LEVEL = 2;
				GCC_PRECOMPILE_PREFIX_HEADER = NO;
				GCC_PREFIX_HEADER = "";
				GCC_PREPROCESSOR_DEFINITIONS = "DEBUG=1";
				GCC_VERSION = "";
				HEADER_SEARCH_PATHS = (
					"$(SYSTEM_LIBRARY_DIR)/Frameworks/Kernel.framework/Headers",
					"$(SYSTEM_LIBRARY_DIR)/Frameworks/Kernel.framework/Headers/bsd",
				);
				INFOPLIST_PREPROCESS = YES;
				INSTALL_PATH = /usr/local/lib;
				MACOSX_DEPLOYMENT_TARGET = 10.4;
				OTHER_CFLAGS = (
					"-nostdinc",
					"-finline",
					"-fno-keep-inline-functions",
					"-force_cpusubtype_ALL",
					"-mlong-branch",
					"-fcheck-new",
					"-findirect-virtual-calls",
					"-static",
				);
				OTHER_LDFLAGS = "";
				PREBINDING = YES;
				PRECOMPS_INCLUDE_HEADERS_FROM_BUILT_PRODUCTS_DIR = NO;
				PRODUCT_NAME = AuioFloatLib;
				SDKROOT = /Developer/SDKs/MacOSX10.4u.sdk;
				SKIP_INSTALL = YES;
				VALID_ARCHS = "ppc i386 x86_64";
				WARNING_CFLAGS = (
					"-Wmost",
					"-Wno-four-char-constants",
					"-Wno-unknown-pragmas",
				);
			};
			name = Development;
		};
		DD912B422613831000FA0863 /* Deployment */ = {
			isa = XCBuildConfiguration;
			buildSettings = {
				ALWAYS_SEARCH_USER_PATHS = YES;
				ARCHS = (
					i386,
					ppc,
				);
				ARCHS_STANDARD_32_64_BIT_PRE_XCODE_3_1 = "x86_64 i386 ppc";
				COPY_PHASE_STRIP = YES;
				DEBUG_INFORMATION_FORMAT = dwarf;
				DYLIB_COMPATIBILITY_VERSION = 1;
				DYLIB_CURRENT_VERSION = 1;
				ENABLE_STRICT_OBJC_MSGSEND = YES;
				GCC_ENABLE_CPP_EXCEPTIONS = NO;
				GCC_ENABLE_CPP_RTTI = NO;
				GCC_ENABLE_FIX_AND_CONTINUE = NO;
				GCC_MODEL_TUNING = "";
				GCC_NO_COMMON_BLOCKS = YES;
				GCC_PRECOMPILE_PREFIX_HEADER = NO;
				GCC_PREFIX_HEADER = "";
				GCC_PREPROCESSOR_DEFINITIONS = (
					KERNEL,
					KERNEL_PRIVATE,
					DRIVER_PRIVATE,
					APPLE,
					NeXT,
					KERNEL_PRIVATE,
					KERNEL_PRIVATE,
					DRIVER_PRIVATE,
					APPLE,
					NeXT,
					DRIVER_PRIVATE,
					APPLE,
					NeXT,
					"DEBUG=1",
				);
				GCC_VERSION = 4.0;
				GCC_WARN_64_TO_32_BIT_CONVERSION = YES;
				GCC_WARN_ABOUT_RETURN_TYPE = YES;
				GCC_WARN_UNINITIALIZED_AUTOS = YES;
				GCC_WARN_UNUSED_FUNCTION = YES;
				GCC_WARN_UNUSED_VARIABLE = YES;
				HEADER_SEARCH_PATHS = (
					"$(SYSTEM_LIBRARY_DIR)/Frameworks/Kernel.framework/Headers",
					"$(SYSTEM_LIBRARY_DIR)/Frameworks/Kernel.framework/Headers/bsd",
				);
				INFOPLIST_PREPROCESS = YES;
				INSTALL_PATH = /usr/local/lib;
				LD_GENERATE_MAP_FILE = YES;
				LIBRARY_STYLE = STATIC;
				MACH_O_TYPE = staticlib;
				MACOSX_DEPLOYMENT_TARGET = 10.5;
				OTHER_CFLAGS = (
					"-nostdinc",
					"-finline",
					"-fno-keep-inline-functions",
					"-force_cpusubtype_ALL",
					"-mlong-branch",
					"-fcheck-new",
					"-findirect-virtual-calls",
					"-static",
				);
				OTHER_LDFLAGS = "";
				PREBINDING = YES;
				PRECOMPS_INCLUDE_HEADERS_FROM_BUILT_PRODUCTS_DIR = YES;
				PRODUCT_NAME = libAuioFloatLib_updated;
				REZ_EXECUTABLE = YES;
				SDKROOT = macosx10.4;
				SKIP_INSTALL = YES;
				STANDARD_C_PLUS_PLUS_LIBRARY_TYPE = dynamic;
				VALID_ARCHS = "ppc i386 x86_64";
				WARNING_CFLAGS = (
					"-Wmost",
					"-Wno-four-char-constants",
					"-Wno-unknown-pragmas",
				);
				ZERO_LINK = NO;
			};
			name = Deployment;
		};
		DD912B432613831000FA0863 /* Default */ = {
			isa = XCBuildConfiguration;
			buildSettings = {
				ALWAYS_SEARCH_USER_PATHS = NO;
				ARCHS = (
					i386,
					ppc,
				);
				ARCHS_STANDARD_32_64_BIT_PRE_XCODE_3_1 = "x86_64 i386 ppc";
				GCC_ENABLE_FIX_AND_CONTINUE = YES;
				GCC_MODEL_TUNING = G5;
				GCC_PRECOMPILE_PREFIX_HEADER = YES;
				GCC_PREFIX_HEADER = "$(SYSTEM_LIBRARY_DIR)/Frameworks/AppKit.framework/Headers/AppKit.h";
				INSTALL_PATH = /usr/local/lib;
				MACOSX_DEPLOYMENT_TARGET = 10.5;
				OTHER_LDFLAGS = (
					"-framework",
					Foundation,
					"-framework",
					AppKit,
				);
				PREBINDING = NO;
				PRODUCT_NAME = libAuioFloatLib_updated;
				SDKROOT = macosx10.4;
				VALID_ARCHS = "ppc i386 x86_64";
			};
			name = Default;
		};
		FCC4E42208B955B400AC9D19 /* Development */ = {
			isa = XCBuildConfiguration;
			buildSettings = {
				COPY_PHASE_STRIP = NO;
				DYLIB_COMPATIBILITY_VERSION = 1;
				DYLIB_CURRENT_VERSION = 1;
				GCC_DYNAMIC_NO_PIC = NO;
				GCC_ENABLE_FIX_AND_CONTINUE = YES;
				GCC_GENERATE_DEBUGGING_SYMBOLS = YES;
				GCC_OPTIMIZATION_LEVEL = 2;
				HEADER_SEARCH_PATHS = (
					"$(SYSTEM_LIBRARY_DIR)/Frameworks/Kernel.framework/Headers",
					"$(SYSTEM_LIBRARY_DIR)/Frameworks/Kernel.framework/Headers/bsd",
				);
				LIBRARY_STYLE = STATIC;
				OTHER_CFLAGS = (
					"-nostdinc",
					"-finline",
					"-fno-keep-inline-functions",
					"-force_cpusubtype_ALL",
					"-mlong-branch",
					"-x",
					"c++",
					"-fno-rtti",
					"-fno-exceptions",
					"-fcheck-new",
					"-fvtable-thunks",
					"-findirect-virtual-calls",
					"-static",
					"-DKERNEL",
					"-DKERNEL_PRIVATE",
					"-DDRIVER_PRIVATE",
					"-DAPPLE",
					"-DNeXT",
				);
				OTHER_LDFLAGS = "";
				OTHER_LIBTOOL_FLAGS = "";
				OTHER_REZFLAGS = "";
				PRODUCT_NAME = libAudioFloatLib.a;
				REZ_EXECUTABLE = YES;
				SECTORDER_FLAGS = "";
				WARNING_CFLAGS = (
					"-Wmost",
					"-Wno-four-char-constants",
					"-Wno-unknown-pragmas",
				);
				ZERO_LINK = YES;
			};
			name = Development;
		};
		FCC4E42308B955B400AC9D19 /* Deployment */ = {
			isa = XCBuildConfiguration;
			buildSettings = {
				COPY_PHASE_STRIP = YES;
				DYLIB_COMPATIBILITY_VERSION = 1;
				DYLIB_CURRENT_VERSION = 1;
				GCC_ENABLE_FIX_AND_CONTINUE = NO;
				GCC_OPTIMIZATION_LEVEL = 2;
				HEADER_SEARCH_PATHS = (
					"$(SYSTEM_LIBRARY_DIR)/Frameworks/Kernel.framework/Headers",
					"$(SYSTEM_LIBRARY_DIR)/Frameworks/Kernel.framework/Headers/bsd",
				);
				LIBRARY_STYLE = STATIC;
				OTHER_CFLAGS = (
					"-nostdinc",
					"-finline",
					"-fno-keep-inline-functions",
					"-force_cpusubtype_ALL",
					"-mlong-branch",
					"-x",
					"c++",
					"-fno-rtti",
					"-fno-exceptions",
					"-fcheck-new",
					"-fvtable-thunks",
					"-findirect-virtual-calls",
					"-static",
					"-DKERNEL",
					"-DKERNEL_PRIVATE",
					"-DDRIVER_PRIVATE",
					"-DAPPLE",
					"-DNeXT",
				);
				OTHER_LDFLAGS = "";
				OTHER_LIBTOOL_FLAGS = "";
				OTHER_REZFLAGS = "";
				PRODUCT_NAME = libAudioFloatLib.a;
				REZ_EXECUTABLE = YES;
				SECTORDER_FLAGS = "";
				WARNING_CFLAGS = (
					"-Wmost",
					"-Wno-four-char-constants",
					"-Wno-unknown-pragmas",
				);
				ZERO_LINK = NO;
			};
			name = Deployment;
		};
		FCC4E42408B955B400AC9D19 /* Default */ = {
			isa = XCBuildConfiguration;
			buildSettings = {
				DYLIB_COMPATIBILITY_VERSION = 1;
				DYLIB_CURRENT_VERSION = 1;
				GCC_OPTIMIZATION_LEVEL = 2;
				HEADER_SEARCH_PATHS = (
					"$(SYSTEM_LIBRARY_DIR)/Frameworks/Kernel.framework/Headers",
					"$(SYSTEM_LIBRARY_DIR)/Frameworks/Kernel.framework/Headers/bsd",
				);
				LIBRARY_STYLE = STATIC;
				OTHER_CFLAGS = (
					"-nostdinc",
					"-finline",
					"-fno-keep-inline-functions",
					"-force_cpusubtype_ALL",
					"-mlong-branch",
					"-x",
					"c++",
					"-fno-rtti",
					"-fno-exceptions",
					"-fcheck-new",
					"-fvtable-thunks",
					"-findirect-virtual-calls",
					"-static",
					"-DKERNEL",
					"-DKERNEL_PRIVATE",
					"-DDRIVER_PRIVATE",
					"-DAPPLE",
					"-DNeXT",
				);
				OTHER_LDFLAGS = "";
				OTHER_LIBTOOL_FLAGS = "";
				OTHER_REZFLAGS = "";
				PRODUCT_NAME = libAudioFloatLib.a;
				REZ_EXECUTABLE = YES;
				SECTORDER_FLAGS = "";
				WARNING_CFLAGS = (
					"-Wmost",
					"-Wno-four-char-constants",
					"-Wno-unknown-pragmas",
				);
			};
			name = Default;
		};
		FCC4E42608B955B400AC9D19 /* Development */ = {
			isa = XCBuildConfiguration;
			buildSettings = {
				COPY_PHASE_STRIP = NO;
				FRAMEWORK_SEARCH_PATHS = "";
				GCC_DYNAMIC_NO_PIC = NO;
				GCC_ENABLE_FIX_AND_CONTINUE = YES;
				GCC_GENERATE_DEBUGGING_SYMBOLS = YES;
				GCC_OPTIMIZATION_LEVEL = 2;
				HEADER_SEARCH_PATHS = "";
				INSTALL_PATH = "$(SYSTEM_LIBRARY_DIR)/Extensions";
				KERNEL_MODULE = YES;
				LIBRARY_SEARCH_PATHS = "";
				MODULE_IOKIT = YES;
				MODULE_NAME = com.homebrew.driver.CMI8738Audio;
				MODULE_VERSION = 0.6.4;
				OTHER_CFLAGS = (
					"-D",
					DEBUG,
				);
				OTHER_LDFLAGS = "";
				OTHER_REZFLAGS = "";
				PRODUCT_NAME = CMI8738PCIAudioDriver;
				SECTORDER_FLAGS = "";
				WARNING_CFLAGS = (
					"-Wmost",
					"-Wno-four-char-constants",
					"-Wno-unknown-pragmas",
				);
				WRAPPER_EXTENSION = kext;
				ZERO_LINK = YES;
			};
			name = Development;
		};
		FCC4E42708B955B400AC9D19 /* Deployment */ = {
			isa = XCBuildConfiguration;
			buildSettings = {
				COPY_PHASE_STRIP = YES;
				FRAMEWORK_SEARCH_PATHS = "";
				GCC_ENABLE_FIX_AND_CONTINUE = NO;
				HEADER_SEARCH_PATHS = "";
				INSTALL_PATH = "$(SYSTEM_LIBRARY_DIR)/Extensions";
				KERNEL_MODULE = YES;
				LIBRARY_SEARCH_PATHS = "";
				MODULE_IOKIT = YES;
				MODULE_NAME = com.homebrew.driver.CMI8738Audio;
				MODULE_VERSION = 0.6.4;
				OTHER_CFLAGS = "";
				OTHER_LDFLAGS = "";
				OTHER_REZFLAGS = "";
				PRODUCT_NAME = CMI8738PCIAudioDriver;
				SECTORDER_FLAGS = "";
				WARNING_CFLAGS = (
					"-Wmost",
					"-Wno-four-char-constants",
					"-Wno-unknown-pragmas",
				);
				WRAPPER_EXTENSION = kext;
				ZERO_LINK = NO;
			};
			name = Deployment;
		};
		FCC4E42808B955B400AC9D19 /* Default */ = {
			isa = XCBuildConfiguration;
			buildSettings = {
				FRAMEWORK_SEARCH_PATHS = "";
				HEADER_SEARCH_PATHS = "";
				INSTALL_PATH = "$(SYSTEM_LIBRARY_DIR)/Extensions";
				KERNEL_MODULE = YES;
				LIBRARY_SEARCH_PATHS = "";
				MODULE_IOKIT = YES;
				MODULE_NAME = com.MyCompany.driver.SamplePCIAudioDriver;
				MODULE_VERSION = 1.0.0d1;
				OTHER_CFLAGS = "";
				OTHER_LDFLAGS = "";
				OTHER_REZFLAGS = "";
				PRODUCT_NAME = SamplePCIAudioDriver;
				SECTORDER_FLAGS = "";
				WARNING_CFLAGS = (
					"-Wmost",
					"-Wno-four-char-constants",
					"-Wno-unknown-pragmas",
				);
				WRAPPER_EXTENSION = kext;
			};
			name = Default;
		};
		FCC4E42A08B955B400AC9D19 /* Development */ = {
			isa = XCBuildConfiguration;
			buildSettings = {
				ARCHS = "$(ARCHS_STANDARD_32_64_BIT)";
				BUILD_VARIANTS = normal;
				GCC_MODEL_TUNING = "";
				INFOPLIST_PREPROCESS = NO;
				MACOSX_DEPLOYMENT_TARGET = 10.3;
				OTHER_CPLUSPLUSFLAGS = "$(OTHER_CFLAGS)";
				SDKROOT = macosx10.4;
				VALID_ARCHS = "ppc ppc64 i386 x86_64";
			};
			name = Development;
		};
		FCC4E42B08B955B400AC9D19 /* Deployment */ = {
			isa = XCBuildConfiguration;
			buildSettings = {
				ARCHS = "$(ARCHS_STANDARD_32_64_BIT)";
				GCC_MODEL_TUNING = "";
				MACOSX_DEPLOYMENT_TARGET = 10.3;
				OTHER_CPLUSPLUSFLAGS = "$(OTHER_CFLAGS)";
				SDKROOT = macosx10.4;
				VALID_ARCHS = "ppc ppc64 i386 x86_64";
			};
			name = Deployment;
		};
		FCC4E42C08B955B400AC9D19 /* Default */ = {
			isa = XCBuildConfiguration;
			buildSettings = {
				ARCHS = "$(ARCHS_STANDARD_32_64_BIT)";
				GCC_MODEL_TUNING = "";
				MACOSX_DEPLOYMENT_TARGET = 10.3;
				SDKROOT = macosx10.4;
				VALID_ARCHS = "ppc ppc64 i386 x86_64";
			};
			name = Default;
		};
/* End XCBuildConfiguration section */

/* Begin XCConfigurationList section */
		DD0C270F28D3BB0F00D1405D /* Build configuration list for PBXNativeTarget "CMI8738AudioDriver_updated_64" */ = {
			isa = XCConfigurationList;
			buildConfigurations = (
				DD0C271028D3BB0F00D1405D /* Development */,
				DD0C271128D3BB0F00D1405D /* Deployment */,
				DD0C271228D3BB0F00D1405D /* Default */,
			);
			defaultConfigurationIsVisible = 0;
			defaultConfigurationName = Default;
		};
		DD0C271C28D3BB1200D1405D /* Build configuration list for PBXNativeTarget "libAuioFloatLib_updated_64" */ = {
			isa = XCConfigurationList;
			buildConfigurations = (
				DD0C271D28D3BB1200D1405D /* Development */,
				DD0C271E28D3BB1200D1405D /* Deployment */,
				DD0C271F28D3BB1200D1405D /* Default */,
			);
			defaultConfigurationIsVisible = 0;
			defaultConfigurationName = Default;
		};
		DD912B312613812800FA0863 /* Build configuration list for PBXNativeTarget "CMI8738AudioDriver_updated" */ = {
			isa = XCConfigurationList;
			buildConfigurations = (
				DD912B2E2613812800FA0863 /* Development */,
				DD912B2F2613812800FA0863 /* Deployment */,
				DD912B302613812800FA0863 /* Default */,
			);
			defaultConfigurationIsVisible = 0;
			defaultConfigurationName = Default;
		};
		DD912B442613833500FA0863 /* Build configuration list for PBXNativeTarget "libAuioFloatLib_updated" */ = {
			isa = XCConfigurationList;
			buildConfigurations = (
				DD912B412613831000FA0863 /* Development */,
				DD912B422613831000FA0863 /* Deployment */,
				DD912B432613831000FA0863 /* Default */,
			);
			defaultConfigurationIsVisible = 0;
			defaultConfigurationName = Default;
		};
		FCC4E42108B955B400AC9D19 /* Build configuration list for PBXLibraryTarget "libAudioFloatLib" */ = {
			isa = XCConfigurationList;
			buildConfigurations = (
				FCC4E42208B955B400AC9D19 /* Development */,
				FCC4E42308B955B400AC9D19 /* Deployment */,
				FCC4E42408B955B400AC9D19 /* Default */,
			);
			defaultConfigurationIsVisible = 0;
			defaultConfigurationName = Default;
		};
		FCC4E42508B955B400AC9D19 /* Build configuration list for PBXBundleTarget "CMI8738AudioDriver" */ = {
			isa = XCConfigurationList;
			buildConfigurations = (
				FCC4E42608B955B400AC9D19 /* Development */,
				FCC4E42708B955B400AC9D19 /* Deployment */,
				FCC4E42808B955B400AC9D19 /* Default */,
			);
			defaultConfigurationIsVisible = 0;
			defaultConfigurationName = Default;
		};
		FCC4E42908B955B400AC9D19 /* Build configuration list for PBXProject "CMI8738AudioDriver" */ = {
			isa = XCConfigurationList;
			buildConfigurations = (
				FCC4E42A08B955B400AC9D19 /* Development */,
				FCC4E42B08B955B400AC9D19 /* Deployment */,
				FCC4E42C08B955B400AC9D19 /* Default */,
			);
			defaultConfigurationIsVisible = 0;
			defaultConfigurationName = Default;
		};
/* End XCConfigurationList section */
	};
	rootObject = 089C1669FE841209C02AAC07 /* Project object */;
}
